
Microsoft Visual Studio Solution File, Format Version 12.00
# Visual Studio Version 17
VisualStudioVersion = 17.12.35527.113 d17.12
MinimumVisualStudioVersion = 10.0.40219.1
Project("{FAE04EC0-301F-11D3-BF4B-00C04F79EFBC}") = "AMDev.IT.OPDSDotNet.Client.Core", "AMDev.IT.OPDSDotNet.Client.Core\AMDev.IT.OPDSDotNet.Client.Core.csproj", "{0ADAC6AF-C24C-4299-9803-0D1936223BD5}"
EndProject
Project("{2150E333-8FDC-42A3-9474-1A3956D46DE8}") = "Elementi di soluzione", "Elementi di soluzione", "{CC6BDD14-F295-42DF-9F75-747F14CF9412}"
	ProjectSection(SolutionItems) = preProject
		..\..\LICENSE = ..\..\LICENSE
		..\..\README.md = ..\..\README.md
	EndProjectSection
EndProject
Project("{2150E333-8FDC-42A3-9474-1A3956D46DE8}") = "Libraries", "Libraries", "{3A5663FF-777D-411D-9BB3-49A67F481343}"
EndProject
Global
	GlobalSection(SolutionConfigurationPlatforms) = preSolution
		Debug|Any CPU = Debug|Any CPU
		Release|Any CPU = Release|Any CPU
	EndGlobalSection
	GlobalSection(ProjectConfigurationPlatforms) = postSolution
		{0ADAC6AF-C24C-4299-9803-0D1936223BD5}.Debug|Any CPU.ActiveCfg = Debug|Any CPU
		{0ADAC6AF-C24C-4299-9803-0D1936223BD5}.Debug|Any CPU.Build.0 = Debug|Any CPU
		{0ADAC6AF-C24C-4299-9803-0D1936223BD5}.Release|Any CPU.ActiveCfg = Release|Any CPU
		{0ADAC6AF-C24C-4299-9803-0D1936223BD5}.Release|Any CPU.Build.0 = Release|Any CPU
	EndGlobalSection
	GlobalSection(SolutionProperties) = preSolution
		HideSolutionNode = FALSE
	EndGlobalSection
	GlobalSection(NestedProjects) = preSolution
		{0ADAC6AF-C24C-4299-9803-0D1936223BD5} = {3A5663FF-777D-411D-9BB3-49A67F481343}
	EndGlobalSection
EndGlobal
